
Microsoft Visual Studio Solution File, Format Version 12.00
# Visual Studio Version 17
VisualStudioVersion = 17.1.32228.430
MinimumVisualStudioVersion = 10.0.40219.1
Project("{FAE04EC0-301F-11D3-BF4B-00C04F79EFBC}") = "paint курс2", "paint курс2\paint курс2.csproj", "{8670C388-FDFE-45C5-86B4-291F07B0112B}"
EndProject
Global
	GlobalSection(SolutionConfigurationPlatforms) = preSolution
		Debug|Any CPU = Debug|Any CPU
		Release|Any CPU = Release|Any CPU
	EndGlobalSection
	GlobalSection(ProjectConfigurationPlatforms) = postSolution
		{8670C388-FDFE-45C5-86B4-291F07B0112B}.Debug|Any CPU.ActiveCfg = Debug|Any CPU
		{8670C388-FDFE-45C5-86B4-291F07B0112B}.Debug|Any CPU.Build.0 = Debug|Any CPU
		{8670C388-FDFE-45C5-86B4-291F07B0112B}.Release|Any CPU.ActiveCfg = Release|Any CPU
		{8670C388-FDFE-45C5-86B4-291F07B0112B}.Release|Any CPU.Build.0 = Release|Any CPU
	EndGlobalSection
	GlobalSection(SolutionProperties) = preSolution
		HideSolutionNode = FALSE
	EndGlobalSection
	GlobalSection(ExtensibilityGlobals) = postSolution
		SolutionGuid = {2743443D-72DB-4275-AD79-43EC53FD6312}
	EndGlobalSection
EndGlobal
